
Microsoft Visual Studio Solution File, Format Version 12.00
# Visual Studio Version 16
VisualStudioVersion = 16.0.29613.14
MinimumVisualStudioVersion = 10.0.40219.1
Project("{2150E333-8FDC-42A3-9474-1A3956D46DE8}") = "Core", "Core", "{4AFFE630-0C27-4344-83D4-2359048409EB}"
EndProject
Project("{2150E333-8FDC-42A3-9474-1A3956D46DE8}") = "Infrastructure", "Infrastructure", "{12DAA9EC-899C-4DF1-ABC5-A472FFE44C46}"
EndProject
Project("{9A19103F-16F7-4668-BE54-9A1E7A4F7556}") = "Domain", "Domain\Domain.csproj", "{897806DE-63A0-469E-B2A1-B7E2C12A2B87}"
EndProject
Project("{9A19103F-16F7-4668-BE54-9A1E7A4F7556}") = "Application", "Application\Application.csproj", "{89BEA881-ECDA-4F59-871E-02A483E252C9}"
EndProject
Project("{9A19103F-16F7-4668-BE54-9A1E7A4F7556}") = "Persistence", "Persistence\Persistence.csproj", "{5550108B-304D-4DEC-ABC5-FEE45457F9D8}"
EndProject
Project("{2150E333-8FDC-42A3-9474-1A3956D46DE8}") = "Src", "Src", "{74418578-7320-4EAB-BFBB-967BE724F88A}"
EndProject
Project("{2150E333-8FDC-42A3-9474-1A3956D46DE8}") = "Tests", "Tests", "{F3C22C22-1E9A-482D-B476-4FC942E0176D}"
EndProject
Project("{9A19103F-16F7-4668-BE54-9A1E7A4F7556}") = "Application.UnitTests", "Application.UnitTests\Application.UnitTests.csproj", "{6D890DE6-4EB7-4B33-8CFE-5B2425AB3079}"
EndProject
Project("{FAE04EC0-301F-11D3-BF4B-00C04F79EFBC}") = "WebUI", "WebUI\WebUI.csproj", "{C13994FF-AD41-41C7-A1EC-A371810A13CE}"
EndProject
Project("{FAE04EC0-301F-11D3-BF4B-00C04F79EFBC}") = "Infrastructure", "Infrastructure\Infrastructure.csproj", "{2FF65C64-9C41-47CE-9855-6B119E18092F}"
EndProject
Global
	GlobalSection(SolutionConfigurationPlatforms) = preSolution
		Debug|Any CPU = Debug|Any CPU
		Release|Any CPU = Release|Any CPU
	EndGlobalSection
	GlobalSection(ProjectConfigurationPlatforms) = postSolution
		{897806DE-63A0-469E-B2A1-B7E2C12A2B87}.Debug|Any CPU.ActiveCfg = Debug|Any CPU
		{897806DE-63A0-469E-B2A1-B7E2C12A2B87}.Debug|Any CPU.Build.0 = Debug|Any CPU
		{897806DE-63A0-469E-B2A1-B7E2C12A2B87}.Release|Any CPU.ActiveCfg = Release|Any CPU
		{897806DE-63A0-469E-B2A1-B7E2C12A2B87}.Release|Any CPU.Build.0 = Release|Any CPU
		{89BEA881-ECDA-4F59-871E-02A483E252C9}.Debug|Any CPU.ActiveCfg = Debug|Any CPU
		{89BEA881-ECDA-4F59-871E-02A483E252C9}.Debug|Any CPU.Build.0 = Debug|Any CPU
		{89BEA881-ECDA-4F59-871E-02A483E252C9}.Release|Any CPU.ActiveCfg = Release|Any CPU
		{89BEA881-ECDA-4F59-871E-02A483E252C9}.Release|Any CPU.Build.0 = Release|Any CPU
		{5550108B-304D-4DEC-ABC5-FEE45457F9D8}.Debug|Any CPU.ActiveCfg = Debug|Any CPU
		{5550108B-304D-4DEC-ABC5-FEE45457F9D8}.Debug|Any CPU.Build.0 = Debug|Any CPU
		{5550108B-304D-4DEC-ABC5-FEE45457F9D8}.Release|Any CPU.ActiveCfg = Release|Any CPU
		{5550108B-304D-4DEC-ABC5-FEE45457F9D8}.Release|Any CPU.Build.0 = Release|Any CPU
		{6D890DE6-4EB7-4B33-8CFE-5B2425AB3079}.Debug|Any CPU.ActiveCfg = Debug|Any CPU
		{6D890DE6-4EB7-4B33-8CFE-5B2425AB3079}.Debug|Any CPU.Build.0 = Debug|Any CPU
		{6D890DE6-4EB7-4B33-8CFE-5B2425AB3079}.Release|Any CPU.ActiveCfg = Release|Any CPU
		{6D890DE6-4EB7-4B33-8CFE-5B2425AB3079}.Release|Any CPU.Build.0 = Release|Any CPU
		{C13994FF-AD41-41C7-A1EC-A371810A13CE}.Debug|Any CPU.ActiveCfg = Debug|Any CPU
		{C13994FF-AD41-41C7-A1EC-A371810A13CE}.Debug|Any CPU.Build.0 = Debug|Any CPU
		{C13994FF-AD41-41C7-A1EC-A371810A13CE}.Release|Any CPU.ActiveCfg = Release|Any CPU
		{C13994FF-AD41-41C7-A1EC-A371810A13CE}.Release|Any CPU.Build.0 = Release|Any CPU
		{2FF65C64-9C41-47CE-9855-6B119E18092F}.Debug|Any CPU.ActiveCfg = Debug|Any CPU
		{2FF65C64-9C41-47CE-9855-6B119E18092F}.Debug|Any CPU.Build.0 = Debug|Any CPU
		{2FF65C64-9C41-47CE-9855-6B119E18092F}.Release|Any CPU.ActiveCfg = Release|Any CPU
		{2FF65C64-9C41-47CE-9855-6B119E18092F}.Release|Any CPU.Build.0 = Release|Any CPU
	EndGlobalSection
	GlobalSection(SolutionProperties) = preSolution
		HideSolutionNode = FALSE
	EndGlobalSection
	GlobalSection(NestedProjects) = preSolution
		{4AFFE630-0C27-4344-83D4-2359048409EB} = {74418578-7320-4EAB-BFBB-967BE724F88A}
		{12DAA9EC-899C-4DF1-ABC5-A472FFE44C46} = {74418578-7320-4EAB-BFBB-967BE724F88A}
		{897806DE-63A0-469E-B2A1-B7E2C12A2B87} = {4AFFE630-0C27-4344-83D4-2359048409EB}
		{89BEA881-ECDA-4F59-871E-02A483E252C9} = {4AFFE630-0C27-4344-83D4-2359048409EB}
		{5550108B-304D-4DEC-ABC5-FEE45457F9D8} = {12DAA9EC-899C-4DF1-ABC5-A472FFE44C46}
		{6D890DE6-4EB7-4B33-8CFE-5B2425AB3079} = {F3C22C22-1E9A-482D-B476-4FC942E0176D}
		{C13994FF-AD41-41C7-A1EC-A371810A13CE} = {74418578-7320-4EAB-BFBB-967BE724F88A}
		{2FF65C64-9C41-47CE-9855-6B119E18092F} = {12DAA9EC-899C-4DF1-ABC5-A472FFE44C46}
	EndGlobalSection
	GlobalSection(ExtensibilityGlobals) = postSolution
		SolutionGuid = {D51CB097-45FF-4A32-99F1-BAB075BEE58D}
	EndGlobalSection
EndGlobal
